// !$*UTF8*$!
{
	archiveVersion = 1;
	classes = {
	};
	objectVersion = 56;
	objects = {

/* Begin PBXBuildFile section */
		00C5A86B29FDA89100907A91 /* AppDelegate.swift in Sources */ = {isa = PBXBuildFile; fileRef = 00C5A86A29FDA89100907A91 /* AppDelegate.swift */; };
		00C5A86F29FDA89100907A91 /* ColectionViewController.swift in Sources */ = {isa = PBXBuildFile; fileRef = 00C5A86E29FDA89100907A91 /* ColectionViewController.swift */; };
		00C5A87429FDA89200907A91 /* Assets.xcassets in Resources */ = {isa = PBXBuildFile; fileRef = 00C5A87329FDA89200907A91 /* Assets.xcassets */; };
		00C5A87729FDA89200907A91 /* LaunchScreen.storyboard in Resources */ = {isa = PBXBuildFile; fileRef = 00C5A87529FDA89200907A91 /* LaunchScreen.storyboard */; };
		00C5A88029FDAEEB00907A91 /* CollectionPresenter.swift in Sources */ = {isa = PBXBuildFile; fileRef = 00C5A87F29FDAEEB00907A91 /* CollectionPresenter.swift */; };
		00C5A88229FDAEFA00907A91 /* CollectionInteractor.swift in Sources */ = {isa = PBXBuildFile; fileRef = 00C5A88129FDAEFA00907A91 /* CollectionInteractor.swift */; };
		00C5A88429FDAF0900907A91 /* CollectionRouter.swift in Sources */ = {isa = PBXBuildFile; fileRef = 00C5A88329FDAF0900907A91 /* CollectionRouter.swift */; };
		00C5A88829FDAF2200907A91 /* CollectionAssembly.swift in Sources */ = {isa = PBXBuildFile; fileRef = 00C5A88729FDAF2200907A91 /* CollectionAssembly.swift */; };
		00C5A88C29FDAF3700907A91 /* Assemblying.swift in Sources */ = {isa = PBXBuildFile; fileRef = 00C5A88B29FDAF3700907A91 /* Assemblying.swift */; };
		00C5A88E29FDDD9900907A91 /* DrugCollectionViewCell.swift in Sources */ = {isa = PBXBuildFile; fileRef = 00C5A88D29FDDD9900907A91 /* DrugCollectionViewCell.swift */; };
		00C5A8902A00992700907A91 /* DrugEntity.swift in Sources */ = {isa = PBXBuildFile; fileRef = 00C5A88F2A00992700907A91 /* DrugEntity.swift */; };
		00C5A8922A0176B400907A91 /* CollectionWorker.swift in Sources */ = {isa = PBXBuildFile; fileRef = 00C5A8912A0176B400907A91 /* CollectionWorker.swift */; };
		00C5A8982A01CD8800907A91 /* Kingfisher in Frameworks */ = {isa = PBXBuildFile; productRef = 00C5A8972A01CD8800907A91 /* Kingfisher */; };
		00C5A89B2A032C9700907A91 /* DrugsInfoViewController.swift in Sources */ = {isa = PBXBuildFile; fileRef = 00C5A89A2A032C9700907A91 /* DrugsInfoViewController.swift */; };
/* End PBXBuildFile section */

/* Begin PBXFileReference section */
		00C5A86729FDA89100907A91 /* Binet.app */ = {isa = PBXFileReference; explicitFileType = wrapper.application; includeInIndex = 0; path = Binet.app; sourceTree = BUILT_PRODUCTS_DIR; };
		00C5A86A29FDA89100907A91 /* AppDelegate.swift */ = {isa = PBXFileReference; lastKnownFileType = sourcecode.swift; path = AppDelegate.swift; sourceTree = "<group>"; };
		00C5A86E29FDA89100907A91 /* ColectionViewController.swift */ = {isa = PBXFileReference; lastKnownFileType = sourcecode.swift; path = ColectionViewController.swift; sourceTree = "<group>"; };
		00C5A87329FDA89200907A91 /* Assets.xcassets */ = {isa = PBXFileReference; lastKnownFileType = folder.assetcatalog; path = Assets.xcassets; sourceTree = "<group>"; };
		00C5A87629FDA89200907A91 /* Base */ = {isa = PBXFileReference; lastKnownFileType = file.storyboard; name = Base; path = Base.lproj/LaunchScreen.storyboard; sourceTree = "<group>"; };
		00C5A87829FDA89200907A91 /* Info.plist */ = {isa = PBXFileReference; lastKnownFileType = text.plist.xml; path = Info.plist; sourceTree = "<group>"; };
		00C5A87F29FDAEEB00907A91 /* CollectionPresenter.swift */ = {isa = PBXFileReference; lastKnownFileType = sourcecode.swift; path = CollectionPresenter.swift; sourceTree = "<group>"; };
		00C5A88129FDAEFA00907A91 /* CollectionInteractor.swift */ = {isa = PBXFileReference; lastKnownFileType = sourcecode.swift; path = CollectionInteractor.swift; sourceTree = "<group>"; };
		00C5A88329FDAF0900907A91 /* CollectionRouter.swift */ = {isa = PBXFileReference; lastKnownFileType = sourcecode.swift; path = CollectionRouter.swift; sourceTree = "<group>"; };
		00C5A88729FDAF2200907A91 /* CollectionAssembly.swift */ = {isa = PBXFileReference; lastKnownFileType = sourcecode.swift; path = CollectionAssembly.swift; sourceTree = "<group>"; };
		00C5A88B29FDAF3700907A91 /* Assemblying.swift */ = {isa = PBXFileReference; lastKnownFileType = sourcecode.swift; path = Assemblying.swift; sourceTree = "<group>"; };
		00C5A88D29FDDD9900907A91 /* DrugCollectionViewCell.swift */ = {isa = PBXFileReference; lastKnownFileType = sourcecode.swift; path = DrugCollectionViewCell.swift; sourceTree = "<group>"; };
		00C5A88F2A00992700907A91 /* DrugEntity.swift */ = {isa = PBXFileReference; lastKnownFileType = sourcecode.swift; path = DrugEntity.swift; sourceTree = "<group>"; };
		00C5A8912A0176B400907A91 /* CollectionWorker.swift */ = {isa = PBXFileReference; lastKnownFileType = sourcecode.swift; path = CollectionWorker.swift; sourceTree = "<group>"; };
		00C5A89A2A032C9700907A91 /* DrugsInfoViewController.swift */ = {isa = PBXFileReference; lastKnownFileType = sourcecode.swift; path = DrugsInfoViewController.swift; sourceTree = "<group>"; };
/* End PBXFileReference section */

/* Begin PBXFrameworksBuildPhase section */
		00C5A86429FDA89100907A91 /* Frameworks */ = {
			isa = PBXFrameworksBuildPhase;
			buildActionMask = 2147483647;
			files = (
				00C5A8982A01CD8800907A91 /* Kingfisher in Frameworks */,
			);
			runOnlyForDeploymentPostprocessing = 0;
		};
/* End PBXFrameworksBuildPhase section */

/* Begin PBXGroup section */
		00C5A85E29FDA89100907A91 = {
			isa = PBXGroup;
			children = (
				00C5A86929FDA89100907A91 /* Binet */,
				00C5A86829FDA89100907A91 /* Products */,
			);
			sourceTree = "<group>";
		};
		00C5A86829FDA89100907A91 /* Products */ = {
			isa = PBXGroup;
			children = (
				00C5A86729FDA89100907A91 /* Binet.app */,
			);
			name = Products;
			sourceTree = "<group>";
		};
		00C5A86929FDA89100907A91 /* Binet */ = {
			isa = PBXGroup;
			children = (
				00C5A88929FDAF2500907A91 /* Common */,
				00C5A8992A032C6A00907A91 /* DrugsInfo */,
				00C5A87E29FDAEBE00907A91 /* CollectionModule */,
				00C5A86A29FDA89100907A91 /* AppDelegate.swift */,
				00C5A87329FDA89200907A91 /* Assets.xcassets */,
				00C5A87529FDA89200907A91 /* LaunchScreen.storyboard */,
				00C5A87829FDA89200907A91 /* Info.plist */,
				00C5A88F2A00992700907A91 /* DrugEntity.swift */,
			);
			path = Binet;
			sourceTree = "<group>";
		};
		00C5A87E29FDAEBE00907A91 /* CollectionModule */ = {
			isa = PBXGroup;
			children = (
				00C5A8952A0181EA00907A91 /* Cells */,
				00C5A8932A0181D100907A91 /* Workes */,
				00C5A86E29FDA89100907A91 /* ColectionViewController.swift */,
				00C5A87F29FDAEEB00907A91 /* CollectionPresenter.swift */,
				00C5A88129FDAEFA00907A91 /* CollectionInteractor.swift */,
				00C5A88329FDAF0900907A91 /* CollectionRouter.swift */,
				00C5A88729FDAF2200907A91 /* CollectionAssembly.swift */,
			);
			path = CollectionModule;
			sourceTree = "<group>";
		};
		00C5A88929FDAF2500907A91 /* Common */ = {
			isa = PBXGroup;
			children = (
				00C5A88A29FDAF2B00907A91 /* Protocols */,
			);
			path = Common;
			sourceTree = "<group>";
		};
		00C5A88A29FDAF2B00907A91 /* Protocols */ = {
			isa = PBXGroup;
			children = (
				00C5A88B29FDAF3700907A91 /* Assemblying.swift */,
			);
			path = Protocols;
			sourceTree = "<group>";
		};
		00C5A8932A0181D100907A91 /* Workes */ = {
			isa = PBXGroup;
			children = (
				00C5A8942A0181D800907A91 /* Lan */,
			);
			path = Workes;
			sourceTree = "<group>";
		};
		00C5A8942A0181D800907A91 /* Lan */ = {
			isa = PBXGroup;
			children = (
				00C5A8912A0176B400907A91 /* CollectionWorker.swift */,
			);
			path = Lan;
			sourceTree = "<group>";
		};
		00C5A8952A0181EA00907A91 /* Cells */ = {
			isa = PBXGroup;
			children = (
				00C5A88D29FDDD9900907A91 /* DrugCollectionViewCell.swift */,
			);
			path = Cells;
			sourceTree = "<group>";
		};
		00C5A8992A032C6A00907A91 /* DrugsInfo */ = {
			isa = PBXGroup;
			children = (
				00C5A89A2A032C9700907A91 /* DrugsInfoViewController.swift */,
			);
			path = DrugsInfo;
			sourceTree = "<group>";
		};
/* End PBXGroup section */

/* Begin PBXNativeTarget section */
		00C5A86629FDA89100907A91 /* Binet */ = {
			isa = PBXNativeTarget;
			buildConfigurationList = 00C5A87B29FDA89200907A91 /* Build configuration list for PBXNativeTarget "Binet" */;
			buildPhases = (
				00C5A86329FDA89100907A91 /* Sources */,
				00C5A86429FDA89100907A91 /* Frameworks */,
				00C5A86529FDA89100907A91 /* Resources */,
			);
			buildRules = (
			);
			dependencies = (
			);
			name = Binet;
			packageProductDependencies = (
				00C5A8972A01CD8800907A91 /* Kingfisher */,
			);
			productName = Binet;
			productReference = 00C5A86729FDA89100907A91 /* Binet.app */;
			productType = "com.apple.product-type.application";
		};
/* End PBXNativeTarget section */

/* Begin PBXProject section */
		00C5A85F29FDA89100907A91 /* Project object */ = {
			isa = PBXProject;
			attributes = {
				BuildIndependentTargetsInParallel = 1;
				LastSwiftUpdateCheck = 1410;
				LastUpgradeCheck = 1410;
				TargetAttributes = {
					00C5A86629FDA89100907A91 = {
						CreatedOnToolsVersion = 14.1;
					};
				};
			};
			buildConfigurationList = 00C5A86229FDA89100907A91 /* Build configuration list for PBXProject "Binet" */;
			compatibilityVersion = "Xcode 14.0";
			developmentRegion = en;
			hasScannedForEncodings = 0;
			knownRegions = (
				en,
				Base,
			);
			mainGroup = 00C5A85E29FDA89100907A91;
			packageReferences = (
				00C5A8962A01CD8800907A91 /* XCRemoteSwiftPackageReference "Kingfisher" */,
			);
			productRefGroup = 00C5A86829FDA89100907A91 /* Products */;
			projectDirPath = "";
			projectRoot = "";
			targets = (
				00C5A86629FDA89100907A91 /* Binet */,
			);
		};
/* End PBXProject section */

/* Begin PBXResourcesBuildPhase section */
		00C5A86529FDA89100907A91 /* Resources */ = {
			isa = PBXResourcesBuildPhase;
			buildActionMask = 2147483647;
			files = (
				00C5A87729FDA89200907A91 /* LaunchScreen.storyboard in Resources */,
				00C5A87429FDA89200907A91 /* Assets.xcassets in Resources */,
			);
			runOnlyForDeploymentPostprocessing = 0;
		};
/* End PBXResourcesBuildPhase section */

/* Begin PBXSourcesBuildPhase section */
		00C5A86329FDA89100907A91 /* Sources */ = {
			isa = PBXSourcesBuildPhase;
			buildActionMask = 2147483647;
			files = (
				00C5A89B2A032C9700907A91 /* DrugsInfoViewController.swift in Sources */,
				00C5A8902A00992700907A91 /* DrugEntity.swift in Sources */,
				00C5A8922A0176B400907A91 /* CollectionWorker.swift in Sources */,
				00C5A88E29FDDD9900907A91 /* DrugCollectionViewCell.swift in Sources */,
				00C5A88229FDAEFA00907A91 /* CollectionInteractor.swift in Sources */,
				00C5A86F29FDA89100907A91 /* ColectionViewController.swift in Sources */,
				00C5A86B29FDA89100907A91 /* AppDelegate.swift in Sources */,
				00C5A88429FDAF0900907A91 /* CollectionRouter.swift in Sources */,
				00C5A88C29FDAF3700907A91 /* Assemblying.swift in Sources */,
				00C5A88029FDAEEB00907A91 /* CollectionPresenter.swift in Sources */,
				00C5A88829FDAF2200907A91 /* CollectionAssembly.swift in Sources */,
			);
			runOnlyForDeploymentPostprocessing = 0;
		};
/* End PBXSourcesBuildPhase section */

/* Begin PBXVariantGroup section */
		00C5A87529FDA89200907A91 /* LaunchScreen.storyboard */ = {
			isa = PBXVariantGroup;
			children = (
				00C5A87629FDA89200907A91 /* Base */,
			);
			name = LaunchScreen.storyboard;
			sourceTree = "<group>";
		};
/* End PBXVariantGroup section */

/* Begin XCBuildConfiguration section */
		00C5A87929FDA89200907A91 /* Debug */ = {
			isa = XCBuildConfiguration;
			buildSettings = {
				ALWAYS_SEARCH_USER_PATHS = NO;
				CLANG_ANALYZER_NONNULL = YES;
				CLANG_ANALYZER_NUMBER_OBJECT_CONVERSION = YES_AGGRESSIVE;
				CLANG_CXX_LANGUAGE_STANDARD = "gnu++20";
				CLANG_ENABLE_MODULES = YES;
				CLANG_ENABLE_OBJC_ARC = YES;
				CLANG_ENABLE_OBJC_WEAK = YES;
				CLANG_WARN_BLOCK_CAPTURE_AUTORELEASING = YES;
				CLANG_WARN_BOOL_CONVERSION = YES;
				CLANG_WARN_COMMA = YES;
				CLANG_WARN_CONSTANT_CONVERSION = YES;
				CLANG_WARN_DEPRECATED_OBJC_IMPLEMENTATIONS = YES;
				CLANG_WARN_DIRECT_OBJC_ISA_USAGE = YES_ERROR;
				CLANG_WARN_DOCUMENTATION_COMMENTS = YES;
				CLANG_WARN_EMPTY_BODY = YES;
				CLANG_WARN_ENUM_CONVERSION = YES;
				CLANG_WARN_INFINITE_RECURSION = YES;
				CLANG_WARN_INT_CONVERSION = YES;
				CLANG_WARN_NON_LITERAL_NULL_CONVERSION = YES;
				CLANG_WARN_OBJC_IMPLICIT_RETAIN_SELF = YES;
				CLANG_WARN_OBJC_LITERAL_CONVERSION = YES;
				CLANG_WARN_OBJC_ROOT_CLASS = YES_ERROR;
				CLANG_WARN_QUOTED_INCLUDE_IN_FRAMEWORK_HEADER = YES;
				CLANG_WARN_RANGE_LOOP_ANALYSIS = YES;
				CLANG_WARN_STRICT_PROTOTYPES = YES;
				CLANG_WARN_SUSPICIOUS_MOVE = YES;
				CLANG_WARN_UNGUARDED_AVAILABILITY = YES_AGGRESSIVE;
				CLANG_WARN_UNREACHABLE_CODE = YES;
				CLANG_WARN__DUPLICATE_METHOD_MATCH = YES;
				COPY_PHASE_STRIP = NO;
				DEBUG_INFORMATION_FORMAT = dwarf;
				ENABLE_STRICT_OBJC_MSGSEND = YES;
				ENABLE_TESTABILITY = YES;
				GCC_C_LANGUAGE_STANDARD = gnu11;
				GCC_DYNAMIC_NO_PIC = NO;
				GCC_NO_COMMON_BLOCKS = YES;
				GCC_OPTIMIZATION_LEVEL = 0;
				GCC_PREPROCESSOR_DEFINITIONS = (
					"DEBUG=1",
					"$(inherited)",
				);
				GCC_WARN_64_TO_32_BIT_CONVERSION = YES;
				GCC_WARN_ABOUT_RETURN_TYPE = YES_ERROR;
				GCC_WARN_UNDECLARED_SELECTOR = YES;
				GCC_WARN_UNINITIALIZED_AUTOS = YES_AGGRESSIVE;
				GCC_WARN_UNUSED_FUNCTION = YES;
				GCC_WARN_UNUSED_VARIABLE = YES;
				IPHONEOS_DEPLOYMENT_TARGET = 16.1;
				MTL_ENABLE_DEBUG_INFO = INCLUDE_SOURCE;
				MTL_FAST_MATH = YES;
				ONLY_ACTIVE_ARCH = YES;
				SDKROOT = iphoneos;
				SWIFT_ACTIVE_COMPILATION_CONDITIONS = DEBUG;
				SWIFT_OPTIMIZATION_LEVEL = "-Onone";
			};
			name = Debug;
		};
		00C5A87A29FDA89200907A91 /* Release */ = {
			isa = XCBuildConfiguration;
			buildSettings = {
				ALWAYS_SEARCH_USER_PATHS = NO;
				CLANG_ANALYZER_NONNULL = YES;
				CLANG_ANALYZER_NUMBER_OBJECT_CONVERSION = YES_AGGRESSIVE;
				CLANG_CXX_LANGUAGE_STANDARD = "gnu++20";
				CLANG_ENABLE_MODULES = YES;
				CLANG_ENABLE_OBJC_ARC = YES;
				CLANG_ENABLE_OBJC_WEAK = YES;
				CLANG_WARN_BLOCK_CAPTURE_AUTORELEASING = YES;
				CLANG_WARN_BOOL_CONVERSION = YES;
				CLANG_WARN_COMMA = YES;
				CLANG_WARN_CONSTANT_CONVERSION = YES;
				CLANG_WARN_DEPRECATED_OBJC_IMPLEMENTATIONS = YES;
				CLANG_WARN_DIRECT_OBJC_ISA_USAGE = YES_ERROR;
				CLANG_WARN_DOCUMENTATION_COMMENTS = YES;
				CLANG_WARN_EMPTY_BODY = YES;
				CLANG_WARN_ENUM_CONVERSION = YES;
				CLANG_WARN_INFINITE_RECURSION = YES;
				CLANG_WARN_INT_CONVERSION = YES;
				CLANG_WARN_NON_LITERAL_NULL_CONVERSION = YES;
				CLANG_WARN_OBJC_IMPLICIT_RETAIN_SELF = YES;
				CLANG_WARN_OBJC_LITERAL_CONVERSION = YES;
				CLANG_WARN_OBJC_ROOT_CLASS = YES_ERROR;
				CLANG_WARN_QUOTED_INCLUDE_IN_FRAMEWORK_HEADER = YES;
				CLANG_WARN_RANGE_LOOP_ANALYSIS = YES;
				CLANG_WARN_STRICT_PROTOTYPES = YES;
				CLANG_WARN_SUSPICIOUS_MOVE = YES;
				CLANG_WARN_UNGUARDED_AVAILABILITY = YES_AGGRESSIVE;
				CLANG_WARN_UNREACHABLE_CODE = YES;
				CLANG_WARN__DUPLICATE_METHOD_MATCH = YES;
				COPY_PHASE_STRIP = NO;
				DEBUG_INFORMATION_FORMAT = "dwarf-with-dsym";
				ENABLE_NS_ASSERTIONS = NO;
				ENABLE_STRICT_OBJC_MSGSEND = YES;
				GCC_C_LANGUAGE_STANDARD = gnu11;
				GCC_NO_COMMON_BLOCKS = YES;
				GCC_WARN_64_TO_32_BIT_CONVERSION = YES;
				GCC_WARN_ABOUT_RETURN_TYPE = YES_ERROR;
				GCC_WARN_UNDECLARED_SELECTOR = YES;
				GCC_WARN_UNINITIALIZED_AUTOS = YES_AGGRESSIVE;
				GCC_WARN_UNUSED_FUNCTION = YES;
				GCC_WARN_UNUSED_VARIABLE = YES;
				IPHONEOS_DEPLOYMENT_TARGET = 16.1;
				MTL_ENABLE_DEBUG_INFO = NO;
				MTL_FAST_MATH = YES;
				SDKROOT = iphoneos;
				SWIFT_COMPILATION_MODE = wholemodule;
				SWIFT_OPTIMIZATION_LEVEL = "-O";
				VALIDATE_PRODUCT = YES;
			};
			name = Release;
		};
		00C5A87C29FDA89200907A91 /* Debug */ = {
			isa = XCBuildConfiguration;
			buildSettings = {
				ASSETCATALOG_COMPILER_APPICON_NAME = AppIcon;
				ASSETCATALOG_COMPILER_GLOBAL_ACCENT_COLOR_NAME = AccentColor;
				CODE_SIGN_STYLE = Automatic;
				CURRENT_PROJECT_VERSION = 1;
				DEVELOPMENT_TEAM = X58ZVA4AH8;
				GENERATE_INFOPLIST_FILE = YES;
				INFOPLIST_FILE = Binet/Info.plist;
				INFOPLIST_KEY_UIApplicationSupportsIndirectInputEvents = YES;
				INFOPLIST_KEY_UILaunchStoryboardName = LaunchScreen;
				INFOPLIST_KEY_UISupportedInterfaceOrientations_iPad = "UIInterfaceOrientationPortrait UIInterfaceOrientationPortraitUpsideDown UIInterfaceOrientationLandscapeLeft UIInterfaceOrientationLandscapeRight";
				INFOPLIST_KEY_UISupportedInterfaceOrientations_iPhone = "UIInterfaceOrientationPortrait UIInterfaceOrientationLandscapeLeft UIInterfaceOrientationLandscapeRight";
				LD_RUNPATH_SEARCH_PATHS = (
					"$(inherited)",
					"@executable_path/Frameworks",
				);
				MARKETING_VERSION = 1.0;
				PRODUCT_BUNDLE_IDENTIFIER = cs.Binet;
				PRODUCT_NAME = "$(TARGET_NAME)";
				SWIFT_EMIT_LOC_STRINGS = YES;
				SWIFT_VERSION = 5.0;
				TARGETED_DEVICE_FAMILY = "1,2";
			};
			name = Debug;
		};
		00C5A87D29FDA89200907A91 /* Release */ = {
			isa = XCBuildConfiguration;
			buildSettings = {
				ASSETCATALOG_COMPILER_APPICON_NAME = AppIcon;
				ASSETCATALOG_COMPILER_GLOBAL_ACCENT_COLOR_NAME = AccentColor;
				CODE_SIGN_STYLE = Automatic;
				CURRENT_PROJECT_VERSION = 1;
				DEVELOPMENT_TEAM = X58ZVA4AH8;
				GENERATE_INFOPLIST_FILE = YES;
				INFOPLIST_FILE = Binet/Info.plist;
				INFOPLIST_KEY_UIApplicationSupportsIndirectInputEvents = YES;
				INFOPLIST_KEY_UILaunchStoryboardName = LaunchScreen;
				INFOPLIST_KEY_UISupportedInterfaceOrientations_iPad = "UIInterfaceOrientationPortrait UIInterfaceOrientationPortraitUpsideDown UIInterfaceOrientationLandscapeLeft UIInterfaceOrientationLandscapeRight";
				INFOPLIST_KEY_UISupportedInterfaceOrientations_iPhone = "UIInterfaceOrientationPortrait UIInterfaceOrientationLandscapeLeft UIInterfaceOrientationLandscapeRight";
				LD_RUNPATH_SEARCH_PATHS = (
					"$(inherited)",
					"@executable_path/Frameworks",
				);
				MARKETING_VERSION = 1.0;
				PRODUCT_BUNDLE_IDENTIFIER = cs.Binet;
				PRODUCT_NAME = "$(TARGET_NAME)";
				SWIFT_EMIT_LOC_STRINGS = YES;
				SWIFT_VERSION = 5.0;
				TARGETED_DEVICE_FAMILY = "1,2";
			};
			name = Release;
		};
/* End XCBuildConfiguration section */

/* Begin XCConfigurationList section */
		00C5A86229FDA89100907A91 /* Build configuration list for PBXProject "Binet" */ = {
			isa = XCConfigurationList;
			buildConfigurations = (
				00C5A87929FDA89200907A91 /* Debug */,
				00C5A87A29FDA89200907A91 /* Release */,
			);
			defaultConfigurationIsVisible = 0;
			defaultConfigurationName = Release;
		};
		00C5A87B29FDA89200907A91 /* Build configuration list for PBXNativeTarget "Binet" */ = {
			isa = XCConfigurationList;
			buildConfigurations = (
				00C5A87C29FDA89200907A91 /* Debug */,
				00C5A87D29FDA89200907A91 /* Release */,
			);
			defaultConfigurationIsVisible = 0;
			defaultConfigurationName = Release;
		};
/* End XCConfigurationList section */

/* Begin XCRemoteSwiftPackageReference section */
		00C5A8962A01CD8800907A91 /* XCRemoteSwiftPackageReference "Kingfisher" */ = {
			isa = XCRemoteSwiftPackageReference;
			repositoryURL = "https://github.com/onevcat/Kingfisher.git";
			requirement = {
				branch = master;
				kind = branch;
			};
		};
/* End XCRemoteSwiftPackageReference section */

/* Begin XCSwiftPackageProductDependency section */
		00C5A8972A01CD8800907A91 /* Kingfisher */ = {
			isa = XCSwiftPackageProductDependency;
			package = 00C5A8962A01CD8800907A91 /* XCRemoteSwiftPackageReference "Kingfisher" */;
			productName = Kingfisher;
		};
/* End XCSwiftPackageProductDependency section */
	};
	rootObject = 00C5A85F29FDA89100907A91 /* Project object */;
}
